
Microsoft Visual Studio Solution File, Format Version 12.00
# Visual Studio Version 17
VisualStudioVersion = 17.7.34024.191
MinimumVisualStudioVersion = 10.0.40219.1
Project("{FAE04EC0-301F-11D3-BF4B-00C04F79EFBC}") = "OPR1_1", "OPR1_1.csproj", "{AABA51F7-6ED9-4418-A27E-22514ABED41C}"
EndProject
Global
	GlobalSection(SolutionConfigurationPlatforms) = preSolution
		Debug|Any CPU = Debug|Any CPU
		Release|Any CPU = Release|Any CPU
	EndGlobalSection
	GlobalSection(ProjectConfigurationPlatforms) = postSolution
		{AABA51F7-6ED9-4418-A27E-22514ABED41C}.Debug|Any CPU.ActiveCfg = Debug|Any CPU
		{AABA51F7-6ED9-4418-A27E-22514ABED41C}.Debug|Any CPU.Build.0 = Debug|Any CPU
		{AABA51F7-6ED9-4418-A27E-22514ABED41C}.Release|Any CPU.ActiveCfg = Release|Any CPU
		{AABA51F7-6ED9-4418-A27E-22514ABED41C}.Release|Any CPU.Build.0 = Release|Any CPU
	EndGlobalSection
	GlobalSection(SolutionProperties) = preSolution
		HideSolutionNode = FALSE
	EndGlobalSection
	GlobalSection(ExtensibilityGlobals) = postSolution
		SolutionGuid = {F3539BEC-D041-4FF0-8359-C8DDD35BC378}
	EndGlobalSection
EndGlobal
